
Microsoft Visual Studio Solution File, Format Version 12.00
# Visual Studio Version 17
VisualStudioVersion = 17.8.34511.84
MinimumVisualStudioVersion = 10.0.40219.1
Project("{FAE04EC0-301F-11D3-BF4B-00C04F79EFBC}") = "Ado.netTask2", "Ado.netTask2\Ado.netTask2.csproj", "{6277BFC1-0886-4D71-AF3C-F15717088AD8}"
EndProject
Global
	GlobalSection(SolutionConfigurationPlatforms) = preSolution
		Debug|Any CPU = Debug|Any CPU
		Release|Any CPU = Release|Any CPU
	EndGlobalSection
	GlobalSection(ProjectConfigurationPlatforms) = postSolution
		{6277BFC1-0886-4D71-AF3C-F15717088AD8}.Debug|Any CPU.ActiveCfg = Debug|Any CPU
		{6277BFC1-0886-4D71-AF3C-F15717088AD8}.Debug|Any CPU.Build.0 = Debug|Any CPU
		{6277BFC1-0886-4D71-AF3C-F15717088AD8}.Release|Any CPU.ActiveCfg = Release|Any CPU
		{6277BFC1-0886-4D71-AF3C-F15717088AD8}.Release|Any CPU.Build.0 = Release|Any CPU
	EndGlobalSection
	GlobalSection(SolutionProperties) = preSolution
		HideSolutionNode = FALSE
	EndGlobalSection
	GlobalSection(ExtensibilityGlobals) = postSolution
		SolutionGuid = {1C568D93-3B23-4272-A295-43953F4FB152}
	EndGlobalSection
EndGlobal
